
Microsoft Visual Studio Solution File, Format Version 12.00
# Visual Studio 15
VisualStudioVersion = 15.0.26124.0
MinimumVisualStudioVersion = 15.0.26124.0
Project("{2150E333-8FDC-42A3-9474-1A3956D46DE8}") = "tests", "tests", "{CE24893C-0DB2-4EBF-A6B5-93023FE6B10A}"
EndProject
Project("{FAE04EC0-301F-11D3-BF4B-00C04F79EFBC}") = "MarsRover.Test", "tests\MarsRover.Test\MarsRover.Test.csproj", "{5CD217A9-6D5B-4806-81E0-4388447AAB92}"
EndProject
Project("{2150E333-8FDC-42A3-9474-1A3956D46DE8}") = "src", "src", "{10A8F45F-7040-4296-916E-76561F838565}"
EndProject
Project("{FAE04EC0-301F-11D3-BF4B-00C04F79EFBC}") = "MarsRover.Domain", "src\MarsRover.Domain\MarsRover.Domain.csproj", "{13F870FD-B2DA-4817-B41C-D349306FEF1F}"
EndProject
Global
	GlobalSection(SolutionConfigurationPlatforms) = preSolution
		Debug|Any CPU = Debug|Any CPU
		Debug|x64 = Debug|x64
		Debug|x86 = Debug|x86
		Release|Any CPU = Release|Any CPU
		Release|x64 = Release|x64
		Release|x86 = Release|x86
	EndGlobalSection
	GlobalSection(SolutionProperties) = preSolution
		HideSolutionNode = FALSE
	EndGlobalSection
	GlobalSection(ProjectConfigurationPlatforms) = postSolution
		{5CD217A9-6D5B-4806-81E0-4388447AAB92}.Debug|Any CPU.ActiveCfg = Debug|Any CPU
		{5CD217A9-6D5B-4806-81E0-4388447AAB92}.Debug|Any CPU.Build.0 = Debug|Any CPU
		{5CD217A9-6D5B-4806-81E0-4388447AAB92}.Debug|x64.ActiveCfg = Debug|Any CPU
		{5CD217A9-6D5B-4806-81E0-4388447AAB92}.Debug|x64.Build.0 = Debug|Any CPU
		{5CD217A9-6D5B-4806-81E0-4388447AAB92}.Debug|x86.ActiveCfg = Debug|Any CPU
		{5CD217A9-6D5B-4806-81E0-4388447AAB92}.Debug|x86.Build.0 = Debug|Any CPU
		{5CD217A9-6D5B-4806-81E0-4388447AAB92}.Release|Any CPU.ActiveCfg = Release|Any CPU
		{5CD217A9-6D5B-4806-81E0-4388447AAB92}.Release|Any CPU.Build.0 = Release|Any CPU
		{5CD217A9-6D5B-4806-81E0-4388447AAB92}.Release|x64.ActiveCfg = Release|Any CPU
		{5CD217A9-6D5B-4806-81E0-4388447AAB92}.Release|x64.Build.0 = Release|Any CPU
		{5CD217A9-6D5B-4806-81E0-4388447AAB92}.Release|x86.ActiveCfg = Release|Any CPU
		{5CD217A9-6D5B-4806-81E0-4388447AAB92}.Release|x86.Build.0 = Release|Any CPU
		{13F870FD-B2DA-4817-B41C-D349306FEF1F}.Debug|Any CPU.ActiveCfg = Debug|Any CPU
		{13F870FD-B2DA-4817-B41C-D349306FEF1F}.Debug|Any CPU.Build.0 = Debug|Any CPU
		{13F870FD-B2DA-4817-B41C-D349306FEF1F}.Debug|x64.ActiveCfg = Debug|Any CPU
		{13F870FD-B2DA-4817-B41C-D349306FEF1F}.Debug|x64.Build.0 = Debug|Any CPU
		{13F870FD-B2DA-4817-B41C-D349306FEF1F}.Debug|x86.ActiveCfg = Debug|Any CPU
		{13F870FD-B2DA-4817-B41C-D349306FEF1F}.Debug|x86.Build.0 = Debug|Any CPU
		{13F870FD-B2DA-4817-B41C-D349306FEF1F}.Release|Any CPU.ActiveCfg = Release|Any CPU
		{13F870FD-B2DA-4817-B41C-D349306FEF1F}.Release|Any CPU.Build.0 = Release|Any CPU
		{13F870FD-B2DA-4817-B41C-D349306FEF1F}.Release|x64.ActiveCfg = Release|Any CPU
		{13F870FD-B2DA-4817-B41C-D349306FEF1F}.Release|x64.Build.0 = Release|Any CPU
		{13F870FD-B2DA-4817-B41C-D349306FEF1F}.Release|x86.ActiveCfg = Release|Any CPU
		{13F870FD-B2DA-4817-B41C-D349306FEF1F}.Release|x86.Build.0 = Release|Any CPU
	EndGlobalSection
	GlobalSection(NestedProjects) = preSolution
		{5CD217A9-6D5B-4806-81E0-4388447AAB92} = {CE24893C-0DB2-4EBF-A6B5-93023FE6B10A}
		{13F870FD-B2DA-4817-B41C-D349306FEF1F} = {10A8F45F-7040-4296-916E-76561F838565}
	EndGlobalSection
EndGlobal
